
Microsoft Visual Studio Solution File, Format Version 12.00
# Visual Studio 15
VisualStudioVersion = 15.0.27428.1
MinimumVisualStudioVersion = 10.0.40219.1
Project("{FAE04EC0-301F-11D3-BF4B-00C04F79EFBC}") = "Assessment3", "Assessment3\Assessment3.csproj", "{8A85CC59-153D-4329-A14E-7BB43E0DFC51}"
EndProject
Project("{FAE04EC0-301F-11D3-BF4B-00C04F79EFBC}") = "Assessment3Test", "Assessment3Test\Assessment3Test.csproj", "{1321E90C-432D-43A7-9CBF-D2979FDDDE5B}"
EndProject
Global
	GlobalSection(SolutionConfigurationPlatforms) = preSolution
		Debug|Any CPU = Debug|Any CPU
		Release|Any CPU = Release|Any CPU
	EndGlobalSection
	GlobalSection(ProjectConfigurationPlatforms) = postSolution
		{8A85CC59-153D-4329-A14E-7BB43E0DFC51}.Debug|Any CPU.ActiveCfg = Debug|Any CPU
		{8A85CC59-153D-4329-A14E-7BB43E0DFC51}.Debug|Any CPU.Build.0 = Debug|Any CPU
		{8A85CC59-153D-4329-A14E-7BB43E0DFC51}.Release|Any CPU.ActiveCfg = Release|Any CPU
		{8A85CC59-153D-4329-A14E-7BB43E0DFC51}.Release|Any CPU.Build.0 = Release|Any CPU
		{1321E90C-432D-43A7-9CBF-D2979FDDDE5B}.Debug|Any CPU.ActiveCfg = Debug|Any CPU
		{1321E90C-432D-43A7-9CBF-D2979FDDDE5B}.Debug|Any CPU.Build.0 = Debug|Any CPU
		{1321E90C-432D-43A7-9CBF-D2979FDDDE5B}.Release|Any CPU.ActiveCfg = Release|Any CPU
		{1321E90C-432D-43A7-9CBF-D2979FDDDE5B}.Release|Any CPU.Build.0 = Release|Any CPU
	EndGlobalSection
	GlobalSection(SolutionProperties) = preSolution
		HideSolutionNode = FALSE
	EndGlobalSection
	GlobalSection(ExtensibilityGlobals) = postSolution
		SolutionGuid = {D9F9DB44-F340-4CF9-A01F-CF26E8DD1578}
	EndGlobalSection
EndGlobal
